{
  "lockfileVersion": 1,
  "workspaces": {
    "": {
      "name": "polyglot",
      "dependencies": {
        "@vitalets/google-translate-api": "^9.2.1",
        "bing-translate-api": "^4.1.0",
        "deeplx": "^0.3.2",
      },
      "devDependencies": {
        "@types/bun": "latest",
      },
      "peerDependencies": {
        "typescript": "^5",
      },
    },
  },
  "packages": {
    "@deeplx/cli": ["@deeplx/cli@0.1.3", "", { "dependencies": { "@deeplx/core": "^0.1.3", "commander": "^13.1.0", "node-fetch-native": "^1.6.6" }, "bin": { "deeplx": "lib/cli.js" } }, "sha512-KJnWG1OwWxa2AYh0PPehYq64DC8IoZKhowP03gScnz5cujHspx/sLBXUyy/824SJGW+w+7Tu5zy1PhgsxYZ6dw=="],

    "@deeplx/core": ["@deeplx/core@0.1.3", "", { "dependencies": { "node-fetch-native": "^1.6.6", "whatlang-node": "^0.1.0", "x-fetch": "^0.2.6" } }, "sha512-PUo+4V/3eT2hVWhr8xpMg4BksEl26V5dw19zhSgaapMstcPSEtiqmGdO77MvYa3AN+pjaP6WYf2JJBMU+pXsBw=="],

    "@sindresorhus/is": ["@sindresorhus/is@4.6.0", "", {}, "sha512-t09vSN3MdfsyCHoFcTRCH/iUtG7OJ0CsjzB8cjAmKc/va/kIgeDI/TxsigdncE/4be734m0cvIYwNaV4i2XqAw=="],

    "@szmarczak/http-timer": ["@szmarczak/http-timer@4.0.6", "", { "dependencies": { "defer-to-connect": "^2.0.0" } }, "sha512-4BAffykYOgO+5nzBWYwE3W90sBgLJoUPRWWcL8wlyiM8IB8ipJz3UMJ9KXQd1RKQXpKp8Tutn80HZtWsu2u76w=="],

    "@types/bun": ["@types/bun@1.2.18", "", { "dependencies": { "bun-types": "1.2.18" } }, "sha512-Xf6RaWVheyemaThV0kUfaAUvCNokFr+bH8Jxp+tTZfx7dAPA8z9ePnP9S9+Vspzuxxx9JRAXhnyccRj3GyCMdQ=="],

    "@types/cacheable-request": ["@types/cacheable-request@6.0.3", "", { "dependencies": { "@types/http-cache-semantics": "*", "@types/keyv": "^3.1.4", "@types/node": "*", "@types/responselike": "^1.0.0" } }, "sha512-IQ3EbTzGxIigb1I3qPZc1rWJnH0BmSKv5QYTalEwweFvyBDLSAe24zP0le/hyi7ecGfZVlIVAg4BZqb8WBwKqw=="],

    "@types/http-cache-semantics": ["@types/http-cache-semantics@4.0.4", "", {}, "sha512-1m0bIFVc7eJWyve9S0RnuRgcQqF/Xd5QsUZAZeQFr1Q3/p9JWoQQEqmVy+DPTNpGXwhgIetAoYF8JSc33q29QA=="],

    "@types/http-errors": ["@types/http-errors@1.8.2", "", {}, "sha512-EqX+YQxINb+MeXaIqYDASb6U6FCHbWjkj4a1CKDBks3d/QiB2+PqBLyO72vLDgAO1wUI4O+9gweRcQK11bTL/w=="],

    "@types/keyv": ["@types/keyv@3.1.4", "", { "dependencies": { "@types/node": "*" } }, "sha512-BQ5aZNSCpj7D6K2ksrRCTmKRLEpnPvWDiLPfoGyhZ++8YtiK9d/3DBKPJgry359X/P1PfruyYwvnvwFjuEiEIg=="],

    "@types/node": ["@types/node@24.0.15", "", { "dependencies": { "undici-types": "~7.8.0" } }, "sha512-oaeTSbCef7U/z7rDeJA138xpG3NuKc64/rZ2qmUFkFJmnMsAPaluIifqyWd8hSSMxyP9oie3dLAqYPblag9KgA=="],

    "@types/react": ["@types/react@19.1.8", "", { "dependencies": { "csstype": "^3.0.2" } }, "sha512-AwAfQ2Wa5bCx9WP8nZL2uMZWod7J7/JSplxbTmBQ5ms6QpqNYm672H0Vu9ZVKVngQ+ii4R/byguVEUZQyeg44g=="],

    "@types/responselike": ["@types/responselike@1.0.3", "", { "dependencies": { "@types/node": "*" } }, "sha512-H/+L+UkTV33uf49PH5pCAUBVPNj2nDBXTN+qS1dOwyyg24l3CcicicCA7ca+HMvJBZcFgl5r8e+RR6elsb4Lyw=="],

    "@vitalets/google-translate-api": ["@vitalets/google-translate-api@9.2.1", "", { "dependencies": { "@types/http-errors": "^1.8.2", "http-errors": "^2.0.0", "node-fetch": "^2.6.7" } }, "sha512-zlwQWSjXUZhbZQ6qwtIQ7GdYXFQmJ4wYqzcrYJUxtvzQQwUP+uKUb/SRJaBOQuBntjBjzcdcJoLFrpCKUbIkOg=="],

    "bing-translate-api": ["bing-translate-api@4.1.0", "", { "dependencies": { "got": "^11.8.6" } }, "sha512-oP2663Yd5MXX4kbB/3LdS9YgPiE+ls9+2iFZH2ZXigWhWyHT3R4m6aCup4TNJd3/U4gqHHnQoxTaIW7uOf4+vA=="],

    "bun-types": ["bun-types@1.2.18", "", { "dependencies": { "@types/node": "*" }, "peerDependencies": { "@types/react": "^19" } }, "sha512-04+Eha5NP7Z0A9YgDAzMk5PHR16ZuLVa83b26kH5+cp1qZW4F6FmAURngE7INf4tKOvCE69vYvDEwoNl1tGiWw=="],

    "cacheable-lookup": ["cacheable-lookup@5.0.4", "", {}, "sha512-2/kNscPhpcxrOigMZzbiWF7dz8ilhb/nIHU3EyZiXWXpeq/au8qJ8VhdftMkty3n7Gj6HIGalQG8oiBNB3AJgA=="],

    "cacheable-request": ["cacheable-request@7.0.4", "", { "dependencies": { "clone-response": "^1.0.2", "get-stream": "^5.1.0", "http-cache-semantics": "^4.0.0", "keyv": "^4.0.0", "lowercase-keys": "^2.0.0", "normalize-url": "^6.0.1", "responselike": "^2.0.0" } }, "sha512-v+p6ongsrp0yTGbJXjgxPow2+DL93DASP4kXCDKb8/bwRtt9OEF3whggkkDkGNzgcWy2XaF4a8nZglC7uElscg=="],

    "clone-response": ["clone-response@1.0.3", "", { "dependencies": { "mimic-response": "^1.0.0" } }, "sha512-ROoL94jJH2dUVML2Y/5PEDNaSHgeOdSDicUyS7izcF63G6sTc/FTjLub4b8Il9S8S0beOfYt0TaA5qvFK+w0wA=="],

    "commander": ["commander@13.1.0", "", {}, "sha512-/rFeCpNJQbhSZjGVwO9RFV3xPqbnERS8MmIQzCtD/zl6gpJuV/bMLuN92oG3F7d8oDEHHRrujSXNUr8fpjntKw=="],

    "csstype": ["csstype@3.1.3", "", {}, "sha512-M1uQkMl8rQK/szD0LNhtqxIPLpimGm8sOBwU7lLnCpSbTyY3yeU1Vc7l4KT5zT4s/yOxHH5O7tIuuLOCnLADRw=="],

    "decompress-response": ["decompress-response@6.0.0", "", { "dependencies": { "mimic-response": "^3.1.0" } }, "sha512-aW35yZM6Bb/4oJlZncMH2LCoZtJXTRxES17vE3hoRiowU2kWHaJKFkSBDnDR+cm9J+9QhXmREyIfv0pji9ejCQ=="],

    "deeplx": ["deeplx@0.3.2", "", { "dependencies": { "@deeplx/cli": "^0.1.3", "@deeplx/core": "^0.1.3" }, "bin": { "deeplx": "lib/cli.js" } }, "sha512-3ryxsMr83ozTNHREDtsMSts/LniHbH1ccw2I/7vtizyWcUy2kZK9Gkr3LZ116ipJLi4/blHVeSZm2Un0Dib7/g=="],

    "defer-to-connect": ["defer-to-connect@2.0.1", "", {}, "sha512-4tvttepXG1VaYGrRibk5EwJd1t4udunSOVMdLSAL6mId1ix438oPwPZMALY41FCijukO1L0twNcGsdzS7dHgDg=="],

    "depd": ["depd@2.0.0", "", {}, "sha512-g7nH6P6dyDioJogAAGprGpCtVImJhpPk/roCzdb3fIh61/s/nPsfR6onyMwkCAR/OlC3yBC0lESvUoQEAssIrw=="],

    "end-of-stream": ["end-of-stream@1.4.5", "", { "dependencies": { "once": "^1.4.0" } }, "sha512-ooEGc6HP26xXq/N+GCGOT0JKCLDGrq2bQUZrQ7gyrJiZANJ/8YDTxTpQBXGMn+WbIQXNVpyWymm7KYVICQnyOg=="],

    "get-stream": ["get-stream@5.2.0", "", { "dependencies": { "pump": "^3.0.0" } }, "sha512-nBF+F1rAZVCu/p7rjzgA+Yb4lfYXrpl7a6VmJrU8wF9I1CKvP/QwPNZHnOlwbTkY6dvtFIzFMSyQXbLoTQPRpA=="],

    "got": ["got@11.8.6", "", { "dependencies": { "@sindresorhus/is": "^4.0.0", "@szmarczak/http-timer": "^4.0.5", "@types/cacheable-request": "^6.0.1", "@types/responselike": "^1.0.0", "cacheable-lookup": "^5.0.3", "cacheable-request": "^7.0.2", "decompress-response": "^6.0.0", "http2-wrapper": "^1.0.0-beta.5.2", "lowercase-keys": "^2.0.0", "p-cancelable": "^2.0.0", "responselike": "^2.0.0" } }, "sha512-6tfZ91bOr7bOXnK7PRDCGBLa1H4U080YHNaAQ2KsMGlLEzRbk44nsZF2E1IeRc3vtJHPVbKCYgdFbaGO2ljd8g=="],

    "http-cache-semantics": ["http-cache-semantics@4.2.0", "", {}, "sha512-dTxcvPXqPvXBQpq5dUr6mEMJX4oIEFv6bwom3FDwKRDsuIjjJGANqhBuoAn9c1RQJIdAKav33ED65E2ys+87QQ=="],

    "http-errors": ["http-errors@2.0.0", "", { "dependencies": { "depd": "2.0.0", "inherits": "2.0.4", "setprototypeof": "1.2.0", "statuses": "2.0.1", "toidentifier": "1.0.1" } }, "sha512-FtwrG/euBzaEjYeRqOgly7G0qviiXoJWnvEH2Z1plBdXgbyjv34pHTSb9zoeHMyDy33+DWy5Wt9Wo+TURtOYSQ=="],

    "http2-wrapper": ["http2-wrapper@1.0.3", "", { "dependencies": { "quick-lru": "^5.1.1", "resolve-alpn": "^1.0.0" } }, "sha512-V+23sDMr12Wnz7iTcDeJr3O6AIxlnvT/bmaAAAP/Xda35C90p9599p0F1eHR/N1KILWSoWVAiOMFjBBXaXSMxg=="],

    "inherits": ["inherits@2.0.4", "", {}, "sha512-k/vGaX4/Yla3WzyMCvTQOXYeIHvqOKtnqBduzTHpzpQZzAskKMhZ2K+EnBiSM9zGSoIFeMpXKxa4dYeZIQqewQ=="],

    "json-buffer": ["json-buffer@3.0.1", "", {}, "sha512-4bV5BfR2mqfQTJm+V5tPPdf+ZpuhiIvTuAB5g8kcrXOZpTT/QwwVRWBywX1ozr6lEuPdbHxwaJlm9G6mI2sfSQ=="],

    "keyv": ["keyv@4.5.4", "", { "dependencies": { "json-buffer": "3.0.1" } }, "sha512-oxVHkHR/EJf2CNXnWxRLW6mg7JyCCUcG0DtEGmL2ctUo1PNTin1PUil+r/+4r5MpVgC/fn1kjsx7mjSujKqIpw=="],

    "lowercase-keys": ["lowercase-keys@2.0.0", "", {}, "sha512-tqNXrS78oMOE73NMxK4EMLQsQowWf8jKooH9g7xPavRT706R6bkQJ6DY2Te7QukaZsulxa30wQ7bk0pm4XiHmA=="],

    "mimic-response": ["mimic-response@3.1.0", "", {}, "sha512-z0yWI+4FDrrweS8Zmt4Ej5HdJmky15+L2e6Wgn3+iK5fWzb6T3fhNFq2+MeTRb064c6Wr4N/wv0DzQTjNzHNGQ=="],

    "node-fetch": ["node-fetch@2.7.0", "", { "dependencies": { "whatwg-url": "^5.0.0" }, "peerDependencies": { "encoding": "^0.1.0" }, "optionalPeers": ["encoding"] }, "sha512-c4FRfUm/dbcWZ7U+1Wq0AwCyFL+3nt2bEw05wfxSz+DWpWsitgmSgYmy2dQdWyKC1694ELPqMs/YzUSNozLt8A=="],

    "node-fetch-native": ["node-fetch-native@1.6.6", "", {}, "sha512-8Mc2HhqPdlIfedsuZoc3yioPuzp6b+L5jRCRY1QzuWZh2EGJVQrGppC6V6cF0bLdbW0+O2YpqCA25aF/1lvipQ=="],

    "normalize-url": ["normalize-url@6.1.0", "", {}, "sha512-DlL+XwOy3NxAQ8xuC0okPgK46iuVNAK01YN7RueYBqqFeGsBjV9XmCAzAdgt+667bCl5kPh9EqKKDwnaPG1I7A=="],

    "once": ["once@1.4.0", "", { "dependencies": { "wrappy": "1" } }, "sha512-lNaJgI+2Q5URQBkccEKHTQOPaXdUxnZZElQTZY0MFUAuaEqe1E+Nyvgdz/aIyNi6Z9MzO5dv1H8n58/GELp3+w=="],

    "p-cancelable": ["p-cancelable@2.1.1", "", {}, "sha512-BZOr3nRQHOntUjTrH8+Lh54smKHoHyur8We1V8DSMVrl5A2malOOwuJRnKRDjSnkoeBh4at6BwEnb5I7Jl31wg=="],

    "pump": ["pump@3.0.3", "", { "dependencies": { "end-of-stream": "^1.1.0", "once": "^1.3.1" } }, "sha512-todwxLMY7/heScKmntwQG8CXVkWUOdYxIvY2s0VWAAMh/nd8SoYiRaKjlr7+iCs984f2P8zvrfWcDDYVb73NfA=="],

    "quick-lru": ["quick-lru@5.1.1", "", {}, "sha512-WuyALRjWPDGtt/wzJiadO5AXY+8hZ80hVpe6MyivgraREW751X3SbhRvG3eLKOYN+8VEvqLcf3wdnt44Z4S4SA=="],

    "resolve-alpn": ["resolve-alpn@1.2.1", "", {}, "sha512-0a1F4l73/ZFZOakJnQ3FvkJ2+gSTQWz/r2KE5OdDY0TxPm5h4GkqkWWfM47T7HsbnOtcJVEF4epCVy6u7Q3K+g=="],

    "responselike": ["responselike@2.0.1", "", { "dependencies": { "lowercase-keys": "^2.0.0" } }, "sha512-4gl03wn3hj1HP3yzgdI7d3lCkF95F21Pz4BPGvKHinyQzALR5CapwC8yIi0Rh58DEMQ/SguC03wFj2k0M/mHhw=="],

    "setprototypeof": ["setprototypeof@1.2.0", "", {}, "sha512-E5LDX7Wrp85Kil5bhZv46j8jOeboKq5JMmYM3gVGdGH8xFpPWXUMsNrlODCrkoxMEeNi/XZIwuRvY4XNwYMJpw=="],

    "statuses": ["statuses@2.0.1", "", {}, "sha512-RwNA9Z/7PrK06rYLIzFMlaF+l73iwpzsqRIFgbMLbTcLD6cOao82TaWefPXQvB2fOC4AjuYSEndS7N/mTCbkdQ=="],

    "toidentifier": ["toidentifier@1.0.1", "", {}, "sha512-o5sSPKEkg/DIQNmH43V0/uerLrpzVedkUh8tGNvaeXpfpuwjKenlSox/2O/BTlZUtEe+JG7s5YhEz608PlAHRA=="],

    "tr46": ["tr46@0.0.3", "", {}, "sha512-N3WMsuqV66lT30CrXNbEjx4GEwlow3v6rr4mCcv6prnfwhS01rkgyFdjPNBYd9br7LpXV1+Emh01fHnq2Gdgrw=="],

    "typescript": ["typescript@5.8.3", "", { "bin": { "tsc": "bin/tsc", "tsserver": "bin/tsserver" } }, "sha512-p1diW6TqL9L07nNxvRMM7hMMw4c5XOo/1ibL4aAIGmSAt9slTE1Xgw5KWuof2uTOvCg9BY7ZRi+GaF+7sfgPeQ=="],

    "undici-types": ["undici-types@7.8.0", "", {}, "sha512-9UJ2xGDvQ43tYyVMpuHlsgApydB8ZKfVYTsLDhXkFL/6gfkp+U8xTGdh8pMJv1SpZna0zxG1DwsKZsreLbXBxw=="],

    "webidl-conversions": ["webidl-conversions@3.0.1", "", {}, "sha512-2JAn3z8AR6rjK8Sm8orRC0h/bcl/DqL7tRPdGZ4I1CjdF+EaMLmYxBHyXuKL849eucPFhvBoxMsflfOb8kxaeQ=="],

    "whatlang-node": ["whatlang-node@0.1.0", "", { "optionalDependencies": { "whatlang-node-android-arm-eabi": "0.1.0", "whatlang-node-android-arm64": "0.1.0", "whatlang-node-darwin-arm64": "0.1.0", "whatlang-node-darwin-x64": "0.1.0", "whatlang-node-freebsd-x64": "0.1.0", "whatlang-node-linux-arm-gnueabihf": "0.1.0", "whatlang-node-linux-arm64-gnu": "0.1.0", "whatlang-node-linux-arm64-musl": "0.1.0", "whatlang-node-linux-x64-gnu": "0.1.0", "whatlang-node-linux-x64-musl": "0.1.0", "whatlang-node-win32-arm64-msvc": "0.1.0", "whatlang-node-win32-ia32-msvc": "0.1.0", "whatlang-node-win32-x64-msvc": "0.1.0" } }, "sha512-KPfuaaKNE9KqdwH57MVhX7Vw1P6WG6quTqcO5WVu67iNuT6qtL0di75yDYCVvGDMFQ+88hQhrymbKTeVwEZFXg=="],

    "whatlang-node-android-arm-eabi": ["whatlang-node-android-arm-eabi@0.1.0", "", { "os": "android", "cpu": "arm" }, "sha512-cib4KyAkpj6kvbNSiVx3X0p16Vwhpv3dwC+G2qNGrdvnOdO8jJhZ4vcG4Vzm1FhqRX9FB8z9rA5ink7t8l1hRg=="],

    "whatlang-node-android-arm64": ["whatlang-node-android-arm64@0.1.0", "", { "os": "android", "cpu": "arm64" }, "sha512-dnjsG4KlDRNZu3KeU9aqTQin3WoxkFsJBepGZFCAYjvkzFxe/YX9lrhcTJF6HuaxerDHmj2i3i/yJ1WCUExEIQ=="],

    "whatlang-node-darwin-arm64": ["whatlang-node-darwin-arm64@0.1.0", "", { "os": "darwin", "cpu": "arm64" }, "sha512-CyYw6ro09ydAfw9v+p+VFKtQDwm4E4vmr+hYJnkDD2Pxf6MlFnQpa3udJrfU8n7JOy4G6q0SFVVcNBEWWmeDGA=="],

    "whatlang-node-darwin-x64": ["whatlang-node-darwin-x64@0.1.0", "", { "os": "darwin", "cpu": "x64" }, "sha512-7wELSpCG8HF8t7CT5D04ApoiEY89dx7MCoCdGjtxCxORIYhqFfL4vd8UPfkwjgmM/bCK9e569XKThfE8u/mjiQ=="],

    "whatlang-node-freebsd-x64": ["whatlang-node-freebsd-x64@0.1.0", "", { "os": "freebsd", "cpu": "x64" }, "sha512-xO4FaC6lhlbVwtl8N7blsdFofEjplV6PbsIFN4YSNHU97ZrYUG0T/L3J/RLQUsSDFGhF4fFCHZfRPxnuN+ramQ=="],

    "whatlang-node-linux-arm-gnueabihf": ["whatlang-node-linux-arm-gnueabihf@0.1.0", "", { "os": "linux", "cpu": "arm" }, "sha512-R1bKVF05i1FXJ7CY+1HGH3y5FQkQFiN9kUdytgDvjaBAPfY9YEFQZ/zNkpv0CAe6OQolr8zXGSCWNoBfFDxZkA=="],

    "whatlang-node-linux-arm64-gnu": ["whatlang-node-linux-arm64-gnu@0.1.0", "", { "os": "linux", "cpu": "arm64" }, "sha512-7/jAlxgf7nuHg/CO3AxjsdTFwxIHD8MJoRZN0uby3rq4Je9TkYNTz5Y0YGwyV9TcIrglVX/LVaU+Shyc50nuhw=="],

    "whatlang-node-linux-arm64-musl": ["whatlang-node-linux-arm64-musl@0.1.0", "", { "os": "linux", "cpu": "arm64" }, "sha512-c8FwWXshHpLGxrHI+KyQEGcPUE6bbm4VWtnDyoVn4i/LPuJUm447sSaG98FsuRBP6sx0u+1RzSr0WxQyo6ZnMQ=="],

    "whatlang-node-linux-x64-gnu": ["whatlang-node-linux-x64-gnu@0.1.0", "", { "os": "linux", "cpu": "x64" }, "sha512-BUq4YM7fN3zj/OSNoifmcW6IeYpA3MNj+E0NOI16pUhgMLba0LWCTBHMAhqDYpdNFlQmMviu+PzTtJJJG9yxOw=="],

    "whatlang-node-linux-x64-musl": ["whatlang-node-linux-x64-musl@0.1.0", "", { "os": "linux", "cpu": "x64" }, "sha512-isvGfVljIMGlCUtf7fwlFyx/+QCn+YbmrDw7xiPwrFO7o/Iw4am/G70vpDQr6b264iOW2pPf9ZrmDLY+EXYzgA=="],

    "whatlang-node-win32-arm64-msvc": ["whatlang-node-win32-arm64-msvc@0.1.0", "", { "os": "win32", "cpu": "arm64" }, "sha512-SGenJFMZY56c2nz03NZVKn27hwYG/cv5unoSBl5/JnULg3DpxwG16e8ijoaIHFUakC87BcpyV1aj7NG5JDG5vw=="],

    "whatlang-node-win32-ia32-msvc": ["whatlang-node-win32-ia32-msvc@0.1.0", "", { "os": "win32", "cpu": "ia32" }, "sha512-2VNisaNXzO06r8FCu6Som7h9uRtqHw6kLkdifTHfAXRqHCPa8JTUVUTAYo+fI4LvSR5s0oCb8OEj5cPeidUFAA=="],

    "whatlang-node-win32-x64-msvc": ["whatlang-node-win32-x64-msvc@0.1.0", "", { "os": "win32", "cpu": "x64" }, "sha512-IHrPCWah7VqU6myPwZd711R+2py+h33uwOIzclvxYvgVxbDWI4PrY+PmA0e6eEboYL6EUB/t96vAZVUEDaqhxw=="],

    "whatwg-url": ["whatwg-url@5.0.0", "", { "dependencies": { "tr46": "~0.0.3", "webidl-conversions": "^3.0.0" } }, "sha512-saE57nupxk6v3HY35+jzBwYa0rKSy0XR8JSxZPwgLr7ys0IBzhGviA1/TUGJLmSVqs8pb9AnvICXEuOHLprYTw=="],

    "wrappy": ["wrappy@1.0.2", "", {}, "sha512-l4Sp/DRseor9wL6EvV2+TuQn63dMkPjZ/sp9XkghTEbV9KlPS1xUsZ3u7/IQO4wxtcFB4bgpQPRcR3QCvezPcQ=="],

    "x-fetch": ["x-fetch@0.2.6", "", {}, "sha512-yHne8a291wWzF/rwCB51kuE4efMMGlCiK1I95W4IOeY7TWESltuNgK4rpw3ukdJXEYQrVcwdypZ/ULT6e6/CfA=="],

    "clone-response/mimic-response": ["mimic-response@1.0.1", "", {}, "sha512-j5EctnkH7amfV/q5Hgmoal1g2QHFJRraOtmx0JpIqkxhBhI/lJSl1nMpQ45hVarwNETOoWEimndZ4QK0RHxuxQ=="],
  }
}
